// !$*UTF8*$!
{
	archiveVersion = 1;
	classes = {
	};
	objectVersion = 50;
	objects = {

/* Begin PBXBuildFile section */
		0C06762FE3C6CB4BAB98EA20 /* libPods-swift1.a in Frameworks */ = {isa = PBXBuildFile; fileRef = 108C4528A56182AD55588925 /* libPods-swift1.a */; };
		C15DB48222E82A970010C633 /* AppDelegate.swift in Sources */ = {isa = PBXBuildFile; fileRef = C15DB48122E82A970010C633 /* AppDelegate.swift */; };
		C15DB48422E82A970010C633 /* ViewController.swift in Sources */ = {isa = PBXBuildFile; fileRef = C15DB48322E82A970010C633 /* ViewController.swift */; };
		C15DB48722E82A970010C633 /* Main.storyboard in Resources */ = {isa = PBXBuildFile; fileRef = C15DB48522E82A970010C633 /* Main.storyboard */; };
		C15DB48922E82A990010C633 /* Assets.xcassets in Resources */ = {isa = PBXBuildFile; fileRef = C15DB48822E82A990010C633 /* Assets.xcassets */; };
		C15DB48C22E82A990010C633 /* LaunchScreen.storyboard in Resources */ = {isa = PBXBuildFile; fileRef = C15DB48A22E82A990010C633 /* LaunchScreen.storyboard */; };
		C15DB49722E82A990010C633 /* swift1Tests.swift in Sources */ = {isa = PBXBuildFile; fileRef = C15DB49622E82A990010C633 /* swift1Tests.swift */; };
		C15DB4A222E82A990010C633 /* swift1UITests.swift in Sources */ = {isa = PBXBuildFile; fileRef = C15DB4A122E82A990010C633 /* swift1UITests.swift */; };
		C15DB4B022E82AAE0010C633 /* Shape.swift in Sources */ = {isa = PBXBuildFile; fileRef = C15DB4AF22E82AAE0010C633 /* Shape.swift */; };
		C16A763422EE990700D6665F /* Const.swift in Sources */ = {isa = PBXBuildFile; fileRef = C16A763322EE990700D6665F /* Const.swift */; };
		C171CCC122EFCD5300ECE53D /* RooterVC.swift in Sources */ = {isa = PBXBuildFile; fileRef = C171CCC022EFCD5300ECE53D /* RooterVC.swift */; };
		C171CCC322EFDB1F00ECE53D /* playLocalVideoVC.swift in Sources */ = {isa = PBXBuildFile; fileRef = C171CCC222EFDB1F00ECE53D /* playLocalVideoVC.swift */; };
		C171CCC622EFDC7300ECE53D /* VideoCell.swift in Sources */ = {isa = PBXBuildFile; fileRef = C171CCC522EFDC7300ECE53D /* VideoCell.swift */; };
		C171CCC822F030B700ECE53D /* emoji zone.mp4 in Resources */ = {isa = PBXBuildFile; fileRef = C171CCC722F030B700ECE53D /* emoji zone.mp4 */; };
		C171CCCB22F03D0E00ECE53D /* SnapChatViewMenuVC.swift in Sources */ = {isa = PBXBuildFile; fileRef = C171CCCA22F03D0E00ECE53D /* SnapChatViewMenuVC.swift */; };
		C171CCCD22F03D2E00ECE53D /* CameraVC.swift in Sources */ = {isa = PBXBuildFile; fileRef = C171CCCC22F03D2E00ECE53D /* CameraVC.swift */; };
		C171CCCF22F03D4400ECE53D /* RightViewVC.swift in Sources */ = {isa = PBXBuildFile; fileRef = C171CCCE22F03D4400ECE53D /* RightViewVC.swift */; };
		C171CCD122F03DDF00ECE53D /* LeftViewVC.swift in Sources */ = {isa = PBXBuildFile; fileRef = C171CCD022F03DDF00ECE53D /* LeftViewVC.swift */; };
		C1D5AED722F90C8200DC11BE /* day09ImageScrollerVC.swift in Sources */ = {isa = PBXBuildFile; fileRef = C1D5AED622F90C8200DC11BE /* day09ImageScrollerVC.swift */; };
		C1D5AEDA22F92E6000DC11BE /* AnimationImageCollection.swift in Sources */ = {isa = PBXBuildFile; fileRef = C1D5AED922F92E6000DC11BE /* AnimationImageCollection.swift */; };
		C1D5AEDE22F92EF700DC11BE /* AnimationCellModel.swift in Sources */ = {isa = PBXBuildFile; fileRef = C1D5AEDD22F92EF700DC11BE /* AnimationCellModel.swift */; };
		C1D5AEE022F94D8100DC11BE /* AnimationCollectionViewCell.swift in Sources */ = {isa = PBXBuildFile; fileRef = C1D5AEDF22F94D8100DC11BE /* AnimationCollectionViewCell.swift */; };
		C1D5AEE222F9532E00DC11BE /* day20CollectionViewAnimationVC.swift in Sources */ = {isa = PBXBuildFile; fileRef = C1D5AEE122F9532E00DC11BE /* day20CollectionViewAnimationVC.swift */; };
		C1D5AEE522F9763A00DC11BE /* day21SwipeableVC.swift in Sources */ = {isa = PBXBuildFile; fileRef = C1D5AEE422F9763A00DC11BE /* day21SwipeableVC.swift */; };
		C1D5AEE722F9764D00DC11BE /* PatternCell.swift in Sources */ = {isa = PBXBuildFile; fileRef = C1D5AEE622F9764D00DC11BE /* PatternCell.swift */; };
/* End PBXBuildFile section */

/* Begin PBXContainerItemProxy section */
		C15DB49322E82A990010C633 /* PBXContainerItemProxy */ = {
			isa = PBXContainerItemProxy;
			containerPortal = C15DB47622E82A970010C633 /* Project object */;
			proxyType = 1;
			remoteGlobalIDString = C15DB47D22E82A970010C633;
			remoteInfo = swift1;
		};
		C15DB49E22E82A990010C633 /* PBXContainerItemProxy */ = {
			isa = PBXContainerItemProxy;
			containerPortal = C15DB47622E82A970010C633 /* Project object */;
			proxyType = 1;
			remoteGlobalIDString = C15DB47D22E82A970010C633;
			remoteInfo = swift1;
		};
/* End PBXContainerItemProxy section */

/* Begin PBXFileReference section */
		108C4528A56182AD55588925 /* libPods-swift1.a */ = {isa = PBXFileReference; explicitFileType = archive.ar; includeInIndex = 0; path = "libPods-swift1.a"; sourceTree = BUILT_PRODUCTS_DIR; };
		1BDC70997527871C7563A5E1 /* Pods-swift1.debug.xcconfig */ = {isa = PBXFileReference; includeInIndex = 1; lastKnownFileType = text.xcconfig; name = "Pods-swift1.debug.xcconfig"; path = "Target Support Files/Pods-swift1/Pods-swift1.debug.xcconfig"; sourceTree = "<group>"; };
		3374937FE08DEFA96C26E490 /* Pods-swift1.release.xcconfig */ = {isa = PBXFileReference; includeInIndex = 1; lastKnownFileType = text.xcconfig; name = "Pods-swift1.release.xcconfig"; path = "Target Support Files/Pods-swift1/Pods-swift1.release.xcconfig"; sourceTree = "<group>"; };
		C15DB47E22E82A970010C633 /* swift1.app */ = {isa = PBXFileReference; explicitFileType = wrapper.application; includeInIndex = 0; path = swift1.app; sourceTree = BUILT_PRODUCTS_DIR; };
		C15DB48122E82A970010C633 /* AppDelegate.swift */ = {isa = PBXFileReference; lastKnownFileType = sourcecode.swift; path = AppDelegate.swift; sourceTree = "<group>"; };
		C15DB48322E82A970010C633 /* ViewController.swift */ = {isa = PBXFileReference; lastKnownFileType = sourcecode.swift; path = ViewController.swift; sourceTree = "<group>"; };
		C15DB48622E82A970010C633 /* Base */ = {isa = PBXFileReference; lastKnownFileType = file.storyboard; name = Base; path = Base.lproj/Main.storyboard; sourceTree = "<group>"; };
		C15DB48822E82A990010C633 /* Assets.xcassets */ = {isa = PBXFileReference; lastKnownFileType = folder.assetcatalog; path = Assets.xcassets; sourceTree = "<group>"; };
		C15DB48B22E82A990010C633 /* Base */ = {isa = PBXFileReference; lastKnownFileType = file.storyboard; name = Base; path = Base.lproj/LaunchScreen.storyboard; sourceTree = "<group>"; };
		C15DB48D22E82A990010C633 /* Info.plist */ = {isa = PBXFileReference; lastKnownFileType = text.plist.xml; path = Info.plist; sourceTree = "<group>"; };
		C15DB49222E82A990010C633 /* swift1Tests.xctest */ = {isa = PBXFileReference; explicitFileType = wrapper.cfbundle; includeInIndex = 0; path = swift1Tests.xctest; sourceTree = BUILT_PRODUCTS_DIR; };
		C15DB49622E82A990010C633 /* swift1Tests.swift */ = {isa = PBXFileReference; lastKnownFileType = sourcecode.swift; path = swift1Tests.swift; sourceTree = "<group>"; };
		C15DB49822E82A990010C633 /* Info.plist */ = {isa = PBXFileReference; lastKnownFileType = text.plist.xml; path = Info.plist; sourceTree = "<group>"; };
		C15DB49D22E82A990010C633 /* swift1UITests.xctest */ = {isa = PBXFileReference; explicitFileType = wrapper.cfbundle; includeInIndex = 0; path = swift1UITests.xctest; sourceTree = BUILT_PRODUCTS_DIR; };
		C15DB4A122E82A990010C633 /* swift1UITests.swift */ = {isa = PBXFileReference; lastKnownFileType = sourcecode.swift; path = swift1UITests.swift; sourceTree = "<group>"; };
		C15DB4A322E82A990010C633 /* Info.plist */ = {isa = PBXFileReference; lastKnownFileType = text.plist.xml; path = Info.plist; sourceTree = "<group>"; };
		C15DB4AF22E82AAE0010C633 /* Shape.swift */ = {isa = PBXFileReference; lastKnownFileType = sourcecode.swift; path = Shape.swift; sourceTree = "<group>"; };
		C16A763322EE990700D6665F /* Const.swift */ = {isa = PBXFileReference; lastKnownFileType = sourcecode.swift; path = Const.swift; sourceTree = "<group>"; };
		C171CCC022EFCD5300ECE53D /* RooterVC.swift */ = {isa = PBXFileReference; lastKnownFileType = sourcecode.swift; path = RooterVC.swift; sourceTree = "<group>"; };
		C171CCC222EFDB1F00ECE53D /* playLocalVideoVC.swift */ = {isa = PBXFileReference; lastKnownFileType = sourcecode.swift; path = playLocalVideoVC.swift; sourceTree = "<group>"; };
		C171CCC522EFDC7300ECE53D /* VideoCell.swift */ = {isa = PBXFileReference; lastKnownFileType = sourcecode.swift; path = VideoCell.swift; sourceTree = "<group>"; };
		C171CCC722F030B700ECE53D /* emoji zone.mp4 */ = {isa = PBXFileReference; lastKnownFileType = file; path = "emoji zone.mp4"; sourceTree = "<group>"; };
		C171CCCA22F03D0E00ECE53D /* SnapChatViewMenuVC.swift */ = {isa = PBXFileReference; lastKnownFileType = sourcecode.swift; path = SnapChatViewMenuVC.swift; sourceTree = "<group>"; };
		C171CCCC22F03D2E00ECE53D /* CameraVC.swift */ = {isa = PBXFileReference; lastKnownFileType = sourcecode.swift; path = CameraVC.swift; sourceTree = "<group>"; };
		C171CCCE22F03D4400ECE53D /* RightViewVC.swift */ = {isa = PBXFileReference; lastKnownFileType = sourcecode.swift; path = RightViewVC.swift; sourceTree = "<group>"; };
		C171CCD022F03DDF00ECE53D /* LeftViewVC.swift */ = {isa = PBXFileReference; lastKnownFileType = sourcecode.swift; path = LeftViewVC.swift; sourceTree = "<group>"; };
		C1D5AED622F90C8200DC11BE /* day09ImageScrollerVC.swift */ = {isa = PBXFileReference; lastKnownFileType = sourcecode.swift; path = day09ImageScrollerVC.swift; sourceTree = "<group>"; };
		C1D5AED922F92E6000DC11BE /* AnimationImageCollection.swift */ = {isa = PBXFileReference; lastKnownFileType = sourcecode.swift; path = AnimationImageCollection.swift; sourceTree = "<group>"; };
		C1D5AEDD22F92EF700DC11BE /* AnimationCellModel.swift */ = {isa = PBXFileReference; lastKnownFileType = sourcecode.swift; path = AnimationCellModel.swift; sourceTree = "<group>"; };
		C1D5AEDF22F94D8100DC11BE /* AnimationCollectionViewCell.swift */ = {isa = PBXFileReference; lastKnownFileType = sourcecode.swift; path = AnimationCollectionViewCell.swift; sourceTree = "<group>"; };
		C1D5AEE122F9532E00DC11BE /* day20CollectionViewAnimationVC.swift */ = {isa = PBXFileReference; lastKnownFileType = sourcecode.swift; path = day20CollectionViewAnimationVC.swift; sourceTree = "<group>"; };
		C1D5AEE422F9763A00DC11BE /* day21SwipeableVC.swift */ = {isa = PBXFileReference; lastKnownFileType = sourcecode.swift; path = day21SwipeableVC.swift; sourceTree = "<group>"; };
		C1D5AEE622F9764D00DC11BE /* PatternCell.swift */ = {isa = PBXFileReference; lastKnownFileType = sourcecode.swift; path = PatternCell.swift; sourceTree = "<group>"; };
/* End PBXFileReference section */

/* Begin PBXFrameworksBuildPhase section */
		C15DB47B22E82A970010C633 /* Frameworks */ = {
			isa = PBXFrameworksBuildPhase;
			buildActionMask = 2147483647;
			files = (
				0C06762FE3C6CB4BAB98EA20 /* libPods-swift1.a in Frameworks */,
			);
			runOnlyForDeploymentPostprocessing = 0;
		};
		C15DB48F22E82A990010C633 /* Frameworks */ = {
			isa = PBXFrameworksBuildPhase;
			buildActionMask = 2147483647;
			files = (
			);
			runOnlyForDeploymentPostprocessing = 0;
		};
		C15DB49A22E82A990010C633 /* Frameworks */ = {
			isa = PBXFrameworksBuildPhase;
			buildActionMask = 2147483647;
			files = (
			);
			runOnlyForDeploymentPostprocessing = 0;
		};
/* End PBXFrameworksBuildPhase section */

/* Begin PBXGroup section */
		82DB25055ADF5904ABDE59AB /* Pods */ = {
			isa = PBXGroup;
			children = (
				1BDC70997527871C7563A5E1 /* Pods-swift1.debug.xcconfig */,
				3374937FE08DEFA96C26E490 /* Pods-swift1.release.xcconfig */,
			);
			path = Pods;
			sourceTree = "<group>";
		};
		C15DB47522E82A970010C633 = {
			isa = PBXGroup;
			children = (
				C15DB48022E82A970010C633 /* swift1 */,
				C15DB49522E82A990010C633 /* swift1Tests */,
				C15DB4A022E82A990010C633 /* swift1UITests */,
				C15DB47F22E82A970010C633 /* Products */,
				82DB25055ADF5904ABDE59AB /* Pods */,
				E47FF2BD99941C7F5E12925D /* Frameworks */,
			);
			sourceTree = "<group>";
		};
		C15DB47F22E82A970010C633 /* Products */ = {
			isa = PBXGroup;
			children = (
				C15DB47E22E82A970010C633 /* swift1.app */,
				C15DB49222E82A990010C633 /* swift1Tests.xctest */,
				C15DB49D22E82A990010C633 /* swift1UITests.xctest */,
			);
			name = Products;
			sourceTree = "<group>";
		};
		C15DB48022E82A970010C633 /* swift1 */ = {
			isa = PBXGroup;
			children = (
				C15DB48122E82A970010C633 /* AppDelegate.swift */,
				C171CCC022EFCD5300ECE53D /* RooterVC.swift */,
				C15DB4AF22E82AAE0010C633 /* Shape.swift */,
				C15DB48322E82A970010C633 /* ViewController.swift */,
				C16A763322EE990700D6665F /* Const.swift */,
				C171CCC422EFDC5100ECE53D /* day02playLocalVideo */,
				C171CCC922F03CE700ECE53D /* day03SnapChatMenu */,
				C1D5AED522F90A4600DC11BE /* day09ImageScroller */,
				C1D5AED822F91E5D00DC11BE /* day20CollectionViewAnimation */,
				C1D5AEE322F9744700DC11BE /* day21SwipeableCell */,
				C15DB48522E82A970010C633 /* Main.storyboard */,
				C15DB48822E82A990010C633 /* Assets.xcassets */,
				C15DB48A22E82A990010C633 /* LaunchScreen.storyboard */,
				C15DB48D22E82A990010C633 /* Info.plist */,
			);
			path = swift1;
			sourceTree = "<group>";
		};
		C15DB49522E82A990010C633 /* swift1Tests */ = {
			isa = PBXGroup;
			children = (
				C15DB49622E82A990010C633 /* swift1Tests.swift */,
				C15DB49822E82A990010C633 /* Info.plist */,
			);
			path = swift1Tests;
			sourceTree = "<group>";
		};
		C15DB4A022E82A990010C633 /* swift1UITests */ = {
			isa = PBXGroup;
			children = (
				C15DB4A122E82A990010C633 /* swift1UITests.swift */,
				C15DB4A322E82A990010C633 /* Info.plist */,
			);
			path = swift1UITests;
			sourceTree = "<group>";
		};
		C171CCC422EFDC5100ECE53D /* day02playLocalVideo */ = {
			isa = PBXGroup;
			children = (
				C171CCC222EFDB1F00ECE53D /* playLocalVideoVC.swift */,
				C171CCC522EFDC7300ECE53D /* VideoCell.swift */,
				C171CCC722F030B700ECE53D /* emoji zone.mp4 */,
			);
			path = day02playLocalVideo;
			sourceTree = "<group>";
		};
		C171CCC922F03CE700ECE53D /* day03SnapChatMenu */ = {
			isa = PBXGroup;
			children = (
				C171CCCA22F03D0E00ECE53D /* SnapChatViewMenuVC.swift */,
				C171CCD022F03DDF00ECE53D /* LeftViewVC.swift */,
				C171CCCC22F03D2E00ECE53D /* CameraVC.swift */,
				C171CCCE22F03D4400ECE53D /* RightViewVC.swift */,
			);
			path = day03SnapChatMenu;
			sourceTree = "<group>";
		};
		C1D5AED522F90A4600DC11BE /* day09ImageScroller */ = {
			isa = PBXGroup;
			children = (
				C1D5AED622F90C8200DC11BE /* day09ImageScrollerVC.swift */,
			);
			path = day09ImageScroller;
			sourceTree = "<group>";
		};
		C1D5AED822F91E5D00DC11BE /* day20CollectionViewAnimation */ = {
			isa = PBXGroup;
			children = (
				C1D5AED922F92E6000DC11BE /* AnimationImageCollection.swift */,
				C1D5AEDD22F92EF700DC11BE /* AnimationCellModel.swift */,
				C1D5AEDF22F94D8100DC11BE /* AnimationCollectionViewCell.swift */,
				C1D5AEE122F9532E00DC11BE /* day20CollectionViewAnimationVC.swift */,
			);
			path = day20CollectionViewAnimation;
			sourceTree = "<group>";
		};
		C1D5AEE322F9744700DC11BE /* day21SwipeableCell */ = {
			isa = PBXGroup;
			children = (
				C1D5AEE422F9763A00DC11BE /* day21SwipeableVC.swift */,
				C1D5AEE622F9764D00DC11BE /* PatternCell.swift */,
			);
			name = day21SwipeableCell;
			path = swift1/day21SwipeableCell;
			sourceTree = SOURCE_ROOT;
		};
		E47FF2BD99941C7F5E12925D /* Frameworks */ = {
			isa = PBXGroup;
			children = (
				108C4528A56182AD55588925 /* libPods-swift1.a */,
			);
			name = Frameworks;
			sourceTree = "<group>";
		};
/* End PBXGroup section */

/* Begin PBXNativeTarget section */
		C15DB47D22E82A970010C633 /* swift1 */ = {
			isa = PBXNativeTarget;
			buildConfigurationList = C15DB4A622E82A990010C633 /* Build configuration list for PBXNativeTarget "swift1" */;
			buildPhases = (
				503EB2D9CE2AD0752E91F6A9 /* [CP] Check Pods Manifest.lock */,
				C15DB47A22E82A970010C633 /* Sources */,
				C15DB47B22E82A970010C633 /* Frameworks */,
				C15DB47C22E82A970010C633 /* Resources */,
			);
			buildRules = (
			);
			dependencies = (
			);
			name = swift1;
			productName = swift1;
			productReference = C15DB47E22E82A970010C633 /* swift1.app */;
			productType = "com.apple.product-type.application";
		};
		C15DB49122E82A990010C633 /* swift1Tests */ = {
			isa = PBXNativeTarget;
			buildConfigurationList = C15DB4A922E82A990010C633 /* Build configuration list for PBXNativeTarget "swift1Tests" */;
			buildPhases = (
				C15DB48E22E82A990010C633 /* Sources */,
				C15DB48F22E82A990010C633 /* Frameworks */,
				C15DB49022E82A990010C633 /* Resources */,
			);
			buildRules = (
			);
			dependencies = (
				C15DB49422E82A990010C633 /* PBXTargetDependency */,
			);
			name = swift1Tests;
			productName = swift1Tests;
			productReference = C15DB49222E82A990010C633 /* swift1Tests.xctest */;
			productType = "com.apple.product-type.bundle.unit-test";
		};
		C15DB49C22E82A990010C633 /* swift1UITests */ = {
			isa = PBXNativeTarget;
			buildConfigurationList = C15DB4AC22E82A990010C633 /* Build configuration list for PBXNativeTarget "swift1UITests" */;
			buildPhases = (
				C15DB49922E82A990010C633 /* Sources */,
				C15DB49A22E82A990010C633 /* Frameworks */,
				C15DB49B22E82A990010C633 /* Resources */,
			);
			buildRules = (
			);
			dependencies = (
				C15DB49F22E82A990010C633 /* PBXTargetDependency */,
			);
			name = swift1UITests;
			productName = swift1UITests;
			productReference = C15DB49D22E82A990010C633 /* swift1UITests.xctest */;
			productType = "com.apple.product-type.bundle.ui-testing";
		};
/* End PBXNativeTarget section */

/* Begin PBXProject section */
		C15DB47622E82A970010C633 /* Project object */ = {
			isa = PBXProject;
			attributes = {
				LastSwiftUpdateCheck = 1020;
				LastUpgradeCheck = 1020;
				ORGANIZATIONNAME = "戴晨";
				TargetAttributes = {
					C15DB47D22E82A970010C633 = {
						CreatedOnToolsVersion = 10.2.1;
					};
					C15DB49122E82A990010C633 = {
						CreatedOnToolsVersion = 10.2.1;
						TestTargetID = C15DB47D22E82A970010C633;
					};
					C15DB49C22E82A990010C633 = {
						CreatedOnToolsVersion = 10.2.1;
						TestTargetID = C15DB47D22E82A970010C633;
					};
				};
			};
			buildConfigurationList = C15DB47922E82A970010C633 /* Build configuration list for PBXProject "swift1" */;
			compatibilityVersion = "Xcode 9.3";
			developmentRegion = en;
			hasScannedForEncodings = 0;
			knownRegions = (
				en,
				Base,
			);
			mainGroup = C15DB47522E82A970010C633;
			productRefGroup = C15DB47F22E82A970010C633 /* Products */;
			projectDirPath = "";
			projectRoot = "";
			targets = (
				C15DB47D22E82A970010C633 /* swift1 */,
				C15DB49122E82A990010C633 /* swift1Tests */,
				C15DB49C22E82A990010C633 /* swift1UITests */,
			);
		};
/* End PBXProject section */

/* Begin PBXResourcesBuildPhase section */
		C15DB47C22E82A970010C633 /* Resources */ = {
			isa = PBXResourcesBuildPhase;
			buildActionMask = 2147483647;
			files = (
				C15DB48C22E82A990010C633 /* LaunchScreen.storyboard in Resources */,
				C171CCC822F030B700ECE53D /* emoji zone.mp4 in Resources */,
				C15DB48922E82A990010C633 /* Assets.xcassets in Resources */,
				C15DB48722E82A970010C633 /* Main.storyboard in Resources */,
			);
			runOnlyForDeploymentPostprocessing = 0;
		};
		C15DB49022E82A990010C633 /* Resources */ = {
			isa = PBXResourcesBuildPhase;
			buildActionMask = 2147483647;
			files = (
			);
			runOnlyForDeploymentPostprocessing = 0;
		};
		C15DB49B22E82A990010C633 /* Resources */ = {
			isa = PBXResourcesBuildPhase;
			buildActionMask = 2147483647;
			files = (
			);
			runOnlyForDeploymentPostprocessing = 0;
		};
/* End PBXResourcesBuildPhase section */

/* Begin PBXShellScriptBuildPhase section */
		503EB2D9CE2AD0752E91F6A9 /* [CP] Check Pods Manifest.lock */ = {
			isa = PBXShellScriptBuildPhase;
			buildActionMask = 2147483647;
			files = (
			);
			inputFileListPaths = (
			);
			inputPaths = (
				"${PODS_PODFILE_DIR_PATH}/Podfile.lock",
				"${PODS_ROOT}/Manifest.lock",
			);
			name = "[CP] Check Pods Manifest.lock";
			outputFileListPaths = (
			);
			outputPaths = (
				"$(DERIVED_FILE_DIR)/Pods-swift1-checkManifestLockResult.txt",
			);
			runOnlyForDeploymentPostprocessing = 0;
			shellPath = /bin/sh;
			shellScript = "diff \"${PODS_PODFILE_DIR_PATH}/Podfile.lock\" \"${PODS_ROOT}/Manifest.lock\" > /dev/null\nif [ $? != 0 ] ; then\n    # print error to STDERR\n    echo \"error: The sandbox is not in sync with the Podfile.lock. Run 'pod install' or update your CocoaPods installation.\" >&2\n    exit 1\nfi\n# This output is used by Xcode 'outputs' to avoid re-running this script phase.\necho \"SUCCESS\" > \"${SCRIPT_OUTPUT_FILE_0}\"\n";
			showEnvVarsInLog = 0;
		};
/* End PBXShellScriptBuildPhase section */

/* Begin PBXSourcesBuildPhase section */
		C15DB47A22E82A970010C633 /* Sources */ = {
			isa = PBXSourcesBuildPhase;
			buildActionMask = 2147483647;
			files = (
				C1D5AEDE22F92EF700DC11BE /* AnimationCellModel.swift in Sources */,
				C1D5AEE522F9763A00DC11BE /* day21SwipeableVC.swift in Sources */,
				C15DB48422E82A970010C633 /* ViewController.swift in Sources */,
				C171CCCD22F03D2E00ECE53D /* CameraVC.swift in Sources */,
				C1D5AEE722F9764D00DC11BE /* PatternCell.swift in Sources */,
				C1D5AEDA22F92E6000DC11BE /* AnimationImageCollection.swift in Sources */,
				C1D5AED722F90C8200DC11BE /* day09ImageScrollerVC.swift in Sources */,
				C171CCC622EFDC7300ECE53D /* VideoCell.swift in Sources */,
				C16A763422EE990700D6665F /* Const.swift in Sources */,
				C15DB4B022E82AAE0010C633 /* Shape.swift in Sources */,
				C15DB48222E82A970010C633 /* AppDelegate.swift in Sources */,
				C171CCC322EFDB1F00ECE53D /* playLocalVideoVC.swift in Sources */,
				C171CCCB22F03D0E00ECE53D /* SnapChatViewMenuVC.swift in Sources */,
				C1D5AEE022F94D8100DC11BE /* AnimationCollectionViewCell.swift in Sources */,
				C171CCCF22F03D4400ECE53D /* RightViewVC.swift in Sources */,
				C171CCC122EFCD5300ECE53D /* RooterVC.swift in Sources */,
				C171CCD122F03DDF00ECE53D /* LeftViewVC.swift in Sources */,
				C1D5AEE222F9532E00DC11BE /* day20CollectionViewAnimationVC.swift in Sources */,
			);
			runOnlyForDeploymentPostprocessing = 0;
		};
		C15DB48E22E82A990010C633 /* Sources */ = {
			isa = PBXSourcesBuildPhase;
			buildActionMask = 2147483647;
			files = (
				C15DB49722E82A990010C633 /* swift1Tests.swift in Sources */,
			);
			runOnlyForDeploymentPostprocessing = 0;
		};
		C15DB49922E82A990010C633 /* Sources */ = {
			isa = PBXSourcesBuildPhase;
			buildActionMask = 2147483647;
			files = (
				C15DB4A222E82A990010C633 /* swift1UITests.swift in Sources */,
			);
			runOnlyForDeploymentPostprocessing = 0;
		};
/* End PBXSourcesBuildPhase section */

/* Begin PBXTargetDependency section */
		C15DB49422E82A990010C633 /* PBXTargetDependency */ = {
			isa = PBXTargetDependency;
			target = C15DB47D22E82A970010C633 /* swift1 */;
			targetProxy = C15DB49322E82A990010C633 /* PBXContainerItemProxy */;
		};
		C15DB49F22E82A990010C633 /* PBXTargetDependency */ = {
			isa = PBXTargetDependency;
			target = C15DB47D22E82A970010C633 /* swift1 */;
			targetProxy = C15DB49E22E82A990010C633 /* PBXContainerItemProxy */;
		};
/* End PBXTargetDependency section */

/* Begin PBXVariantGroup section */
		C15DB48522E82A970010C633 /* Main.storyboard */ = {
			isa = PBXVariantGroup;
			children = (
				C15DB48622E82A970010C633 /* Base */,
			);
			name = Main.storyboard;
			sourceTree = "<group>";
		};
		C15DB48A22E82A990010C633 /* LaunchScreen.storyboard */ = {
			isa = PBXVariantGroup;
			children = (
				C15DB48B22E82A990010C633 /* Base */,
			);
			name = LaunchScreen.storyboard;
			sourceTree = "<group>";
		};
/* End PBXVariantGroup section */

/* Begin XCBuildConfiguration section */
		C15DB4A422E82A990010C633 /* Debug */ = {
			isa = XCBuildConfiguration;
			buildSettings = {
				ALWAYS_SEARCH_USER_PATHS = NO;
				CLANG_ANALYZER_NONNULL = YES;
				CLANG_ANALYZER_NUMBER_OBJECT_CONVERSION = YES_AGGRESSIVE;
				CLANG_CXX_LANGUAGE_STANDARD = "gnu++14";
				CLANG_CXX_LIBRARY = "libc++";
				CLANG_ENABLE_MODULES = YES;
				CLANG_ENABLE_OBJC_ARC = YES;
				CLANG_ENABLE_OBJC_WEAK = YES;
				CLANG_WARN_BLOCK_CAPTURE_AUTORELEASING = YES;
				CLANG_WARN_BOOL_CONVERSION = YES;
				CLANG_WARN_COMMA = YES;
				CLANG_WARN_CONSTANT_CONVERSION = YES;
				CLANG_WARN_DEPRECATED_OBJC_IMPLEMENTATIONS = YES;
				CLANG_WARN_DIRECT_OBJC_ISA_USAGE = YES_ERROR;
				CLANG_WARN_DOCUMENTATION_COMMENTS = YES;
				CLANG_WARN_EMPTY_BODY = YES;
				CLANG_WARN_ENUM_CONVERSION = YES;
				CLANG_WARN_INFINITE_RECURSION = YES;
				CLANG_WARN_INT_CONVERSION = YES;
				CLANG_WARN_NON_LITERAL_NULL_CONVERSION = YES;
				CLANG_WARN_OBJC_IMPLICIT_RETAIN_SELF = YES;
				CLANG_WARN_OBJC_LITERAL_CONVERSION = YES;
				CLANG_WARN_OBJC_ROOT_CLASS = YES_ERROR;
				CLANG_WARN_RANGE_LOOP_ANALYSIS = YES;
				CLANG_WARN_STRICT_PROTOTYPES = YES;
				CLANG_WARN_SUSPICIOUS_MOVE = YES;
				CLANG_WARN_UNGUARDED_AVAILABILITY = YES_AGGRESSIVE;
				CLANG_WARN_UNREACHABLE_CODE = YES;
				CLANG_WARN__DUPLICATE_METHOD_MATCH = YES;
				CODE_SIGN_IDENTITY = "iPhone Developer";
				COPY_PHASE_STRIP = NO;
				DEBUG_INFORMATION_FORMAT = dwarf;
				ENABLE_STRICT_OBJC_MSGSEND = YES;
				ENABLE_TESTABILITY = YES;
				GCC_C_LANGUAGE_STANDARD = gnu11;
				GCC_DYNAMIC_NO_PIC = NO;
				GCC_NO_COMMON_BLOCKS = YES;
				GCC_OPTIMIZATION_LEVEL = 0;
				GCC_PREPROCESSOR_DEFINITIONS = (
					"DEBUG=1",
					"$(inherited)",
				);
				GCC_WARN_64_TO_32_BIT_CONVERSION = YES;
				GCC_WARN_ABOUT_RETURN_TYPE = YES_ERROR;
				GCC_WARN_UNDECLARED_SELECTOR = YES;
				GCC_WARN_UNINITIALIZED_AUTOS = YES_AGGRESSIVE;
				GCC_WARN_UNUSED_FUNCTION = YES;
				GCC_WARN_UNUSED_VARIABLE = YES;
				IPHONEOS_DEPLOYMENT_TARGET = 12.2;
				MTL_ENABLE_DEBUG_INFO = INCLUDE_SOURCE;
				MTL_FAST_MATH = YES;
				ONLY_ACTIVE_ARCH = YES;
				SDKROOT = iphoneos;
				SWIFT_ACTIVE_COMPILATION_CONDITIONS = DEBUG;
				SWIFT_OPTIMIZATION_LEVEL = "-Onone";
			};
			name = Debug;
		};
		C15DB4A522E82A990010C633 /* Release */ = {
			isa = XCBuildConfiguration;
			buildSettings = {
				ALWAYS_SEARCH_USER_PATHS = NO;
				CLANG_ANALYZER_NONNULL = YES;
				CLANG_ANALYZER_NUMBER_OBJECT_CONVERSION = YES_AGGRESSIVE;
				CLANG_CXX_LANGUAGE_STANDARD = "gnu++14";
				CLANG_CXX_LIBRARY = "libc++";
				CLANG_ENABLE_MODULES = YES;
				CLANG_ENABLE_OBJC_ARC = YES;
				CLANG_ENABLE_OBJC_WEAK = YES;
				CLANG_WARN_BLOCK_CAPTURE_AUTORELEASING = YES;
				CLANG_WARN_BOOL_CONVERSION = YES;
				CLANG_WARN_COMMA = YES;
				CLANG_WARN_CONSTANT_CONVERSION = YES;
				CLANG_WARN_DEPRECATED_OBJC_IMPLEMENTATIONS = YES;
				CLANG_WARN_DIRECT_OBJC_ISA_USAGE = YES_ERROR;
				CLANG_WARN_DOCUMENTATION_COMMENTS = YES;
				CLANG_WARN_EMPTY_BODY = YES;
				CLANG_WARN_ENUM_CONVERSION = YES;
				CLANG_WARN_INFINITE_RECURSION = YES;
				CLANG_WARN_INT_CONVERSION = YES;
				CLANG_WARN_NON_LITERAL_NULL_CONVERSION = YES;
				CLANG_WARN_OBJC_IMPLICIT_RETAIN_SELF = YES;
				CLANG_WARN_OBJC_LITERAL_CONVERSION = YES;
				CLANG_WARN_OBJC_ROOT_CLASS = YES_ERROR;
				CLANG_WARN_RANGE_LOOP_ANALYSIS = YES;
				CLANG_WARN_STRICT_PROTOTYPES = YES;
				CLANG_WARN_SUSPICIOUS_MOVE = YES;
				CLANG_WARN_UNGUARDED_AVAILABILITY = YES_AGGRESSIVE;
				CLANG_WARN_UNREACHABLE_CODE = YES;
				CLANG_WARN__DUPLICATE_METHOD_MATCH = YES;
				CODE_SIGN_IDENTITY = "iPhone Developer";
				COPY_PHASE_STRIP = NO;
				DEBUG_INFORMATION_FORMAT = "dwarf-with-dsym";
				ENABLE_NS_ASSERTIONS = NO;
				ENABLE_STRICT_OBJC_MSGSEND = YES;
				GCC_C_LANGUAGE_STANDARD = gnu11;
				GCC_NO_COMMON_BLOCKS = YES;
				GCC_WARN_64_TO_32_BIT_CONVERSION = YES;
				GCC_WARN_ABOUT_RETURN_TYPE = YES_ERROR;
				GCC_WARN_UNDECLARED_SELECTOR = YES;
				GCC_WARN_UNINITIALIZED_AUTOS = YES_AGGRESSIVE;
				GCC_WARN_UNUSED_FUNCTION = YES;
				GCC_WARN_UNUSED_VARIABLE = YES;
				IPHONEOS_DEPLOYMENT_TARGET = 12.2;
				MTL_ENABLE_DEBUG_INFO = NO;
				MTL_FAST_MATH = YES;
				SDKROOT = iphoneos;
				SWIFT_COMPILATION_MODE = wholemodule;
				SWIFT_OPTIMIZATION_LEVEL = "-O";
				VALIDATE_PRODUCT = YES;
			};
			name = Release;
		};
		C15DB4A722E82A990010C633 /* Debug */ = {
			isa = XCBuildConfiguration;
			baseConfigurationReference = 1BDC70997527871C7563A5E1 /* Pods-swift1.debug.xcconfig */;
			buildSettings = {
				ASSETCATALOG_COMPILER_APPICON_NAME = AppIcon;
				CODE_SIGN_STYLE = Automatic;
				DEVELOPMENT_TEAM = 2CF2K69ZFQ;
				INFOPLIST_FILE = swift1/Info.plist;
				LD_RUNPATH_SEARCH_PATHS = (
					"$(inherited)",
					"@executable_path/Frameworks",
				);
				PRODUCT_BUNDLE_IDENTIFIER = dc1300.swift1;
				PRODUCT_NAME = "$(TARGET_NAME)";
				SWIFT_VERSION = 5.0;
				TARGETED_DEVICE_FAMILY = "1,2";
			};
			name = Debug;
		};
		C15DB4A822E82A990010C633 /* Release */ = {
			isa = XCBuildConfiguration;
			baseConfigurationReference = 3374937FE08DEFA96C26E490 /* Pods-swift1.release.xcconfig */;
			buildSettings = {
				ASSETCATALOG_COMPILER_APPICON_NAME = AppIcon;
				CODE_SIGN_STYLE = Automatic;
				DEVELOPMENT_TEAM = 2CF2K69ZFQ;
				INFOPLIST_FILE = swift1/Info.plist;
				LD_RUNPATH_SEARCH_PATHS = (
					"$(inherited)",
					"@executable_path/Frameworks",
				);
				PRODUCT_BUNDLE_IDENTIFIER = dc1300.swift1;
				PRODUCT_NAME = "$(TARGET_NAME)";
				SWIFT_VERSION = 5.0;
				TARGETED_DEVICE_FAMILY = "1,2";
			};
			name = Release;
		};
		C15DB4AA22E82A990010C633 /* Debug */ = {
			isa = XCBuildConfiguration;
			buildSettings = {
				ALWAYS_EMBED_SWIFT_STANDARD_LIBRARIES = YES;
				BUNDLE_LOADER = "$(TEST_HOST)";
				CODE_SIGN_STYLE = Automatic;
				INFOPLIST_FILE = swift1Tests/Info.plist;
				LD_RUNPATH_SEARCH_PATHS = (
					"$(inherited)",
					"@executable_path/Frameworks",
					"@loader_path/Frameworks",
				);
				PRODUCT_BUNDLE_IDENTIFIER = dc1300.swift1Tests;
				PRODUCT_NAME = "$(TARGET_NAME)";
				SWIFT_VERSION = 5.0;
				TARGETED_DEVICE_FAMILY = "1,2";
				TEST_HOST = "$(BUILT_PRODUCTS_DIR)/swift1.app/swift1";
			};
			name = Debug;
		};
		C15DB4AB22E82A990010C633 /* Release */ = {
			isa = XCBuildConfiguration;
			buildSettings = {
				ALWAYS_EMBED_SWIFT_STANDARD_LIBRARIES = YES;
				BUNDLE_LOADER = "$(TEST_HOST)";
				CODE_SIGN_STYLE = Automatic;
				INFOPLIST_FILE = swift1Tests/Info.plist;
				LD_RUNPATH_SEARCH_PATHS = (
					"$(inherited)",
					"@executable_path/Frameworks",
					"@loader_path/Frameworks",
				);
				PRODUCT_BUNDLE_IDENTIFIER = dc1300.swift1Tests;
				PRODUCT_NAME = "$(TARGET_NAME)";
				SWIFT_VERSION = 5.0;
				TARGETED_DEVICE_FAMILY = "1,2";
				TEST_HOST = "$(BUILT_PRODUCTS_DIR)/swift1.app/swift1";
			};
			name = Release;
		};
		C15DB4AD22E82A990010C633 /* Debug */ = {
			isa = XCBuildConfiguration;
			buildSettings = {
				ALWAYS_EMBED_SWIFT_STANDARD_LIBRARIES = YES;
				CODE_SIGN_STYLE = Automatic;
				INFOPLIST_FILE = swift1UITests/Info.plist;
				LD_RUNPATH_SEARCH_PATHS = (
					"$(inherited)",
					"@executable_path/Frameworks",
					"@loader_path/Frameworks",
				);
				PRODUCT_BUNDLE_IDENTIFIER = dc1300.swift1UITests;
				PRODUCT_NAME = "$(TARGET_NAME)";
				SWIFT_VERSION = 5.0;
				TARGETED_DEVICE_FAMILY = "1,2";
				TEST_TARGET_NAME = swift1;
			};
			name = Debug;
		};
		C15DB4AE22E82A990010C633 /* Release */ = {
			isa = XCBuildConfiguration;
			buildSettings = {
				ALWAYS_EMBED_SWIFT_STANDARD_LIBRARIES = YES;
				CODE_SIGN_STYLE = Automatic;
				INFOPLIST_FILE = swift1UITests/Info.plist;
				LD_RUNPATH_SEARCH_PATHS = (
					"$(inherited)",
					"@executable_path/Frameworks",
					"@loader_path/Frameworks",
				);
				PRODUCT_BUNDLE_IDENTIFIER = dc1300.swift1UITests;
				PRODUCT_NAME = "$(TARGET_NAME)";
				SWIFT_VERSION = 5.0;
				TARGETED_DEVICE_FAMILY = "1,2";
				TEST_TARGET_NAME = swift1;
			};
			name = Release;
		};
/* End XCBuildConfiguration section */

/* Begin XCConfigurationList section */
		C15DB47922E82A970010C633 /* Build configuration list for PBXProject "swift1" */ = {
			isa = XCConfigurationList;
			buildConfigurations = (
				C15DB4A422E82A990010C633 /* Debug */,
				C15DB4A522E82A990010C633 /* Release */,
			);
			defaultConfigurationIsVisible = 0;
			defaultConfigurationName = Release;
		};
		C15DB4A622E82A990010C633 /* Build configuration list for PBXNativeTarget "swift1" */ = {
			isa = XCConfigurationList;
			buildConfigurations = (
				C15DB4A722E82A990010C633 /* Debug */,
				C15DB4A822E82A990010C633 /* Release */,
			);
			defaultConfigurationIsVisible = 0;
			defaultConfigurationName = Release;
		};
		C15DB4A922E82A990010C633 /* Build configuration list for PBXNativeTarget "swift1Tests" */ = {
			isa = XCConfigurationList;
			buildConfigurations = (
				C15DB4AA22E82A990010C633 /* Debug */,
				C15DB4AB22E82A990010C633 /* Release */,
			);
			defaultConfigurationIsVisible = 0;
			defaultConfigurationName = Release;
		};
		C15DB4AC22E82A990010C633 /* Build configuration list for PBXNativeTarget "swift1UITests" */ = {
			isa = XCConfigurationList;
			buildConfigurations = (
				C15DB4AD22E82A990010C633 /* Debug */,
				C15DB4AE22E82A990010C633 /* Release */,
			);
			defaultConfigurationIsVisible = 0;
			defaultConfigurationName = Release;
		};
/* End XCConfigurationList section */
	};
	rootObject = C15DB47622E82A970010C633 /* Project object */;
}
